
Microsoft Visual Studio Solution File, Format Version 12.00
# Visual Studio Version 16
VisualStudioVersion = 16.0.32901.82
MinimumVisualStudioVersion = 10.0.40219.1
Project("{FAE04EC0-301F-11D3-BF4B-00C04F79EFBC}") = "job portal", "job portal\job portal.csproj", "{716F4996-6164-4E04-AE8A-32672A0947E0}"
EndProject
Project("{2150E333-8FDC-42A3-9474-1A3956D46DE8}") = "Solution Items", "Solution Items", "{5698FF6C-3E59-41A4-A01D-876A0C21CDBF}"
	ProjectSection(SolutionItems) = preProject
		.editorconfig = .editorconfig
	EndProjectSection
EndProject
Global
	GlobalSection(SolutionConfigurationPlatforms) = preSolution
		Debug|Any CPU = Debug|Any CPU
		Release|Any CPU = Release|Any CPU
	EndGlobalSection
	GlobalSection(ProjectConfigurationPlatforms) = postSolution
		{716F4996-6164-4E04-AE8A-32672A0947E0}.Debug|Any CPU.ActiveCfg = Debug|Any CPU
		{716F4996-6164-4E04-AE8A-32672A0947E0}.Debug|Any CPU.Build.0 = Debug|Any CPU
		{716F4996-6164-4E04-AE8A-32672A0947E0}.Release|Any CPU.ActiveCfg = Release|Any CPU
		{716F4996-6164-4E04-AE8A-32672A0947E0}.Release|Any CPU.Build.0 = Release|Any CPU
	EndGlobalSection
	GlobalSection(SolutionProperties) = preSolution
		HideSolutionNode = FALSE
	EndGlobalSection
	GlobalSection(ExtensibilityGlobals) = postSolution
		SolutionGuid = {74D5DD34-2DB4-49F4-997C-7216DDA92617}
	EndGlobalSection
EndGlobal
